// !$*UTF8*$!
{
	archiveVersion = 1;
	classes = {
	};
	objectVersion = 46;
	objects = {

/* Begin PBXBuildFile section */
		FA68D4611BCC59C500FC0869 /* FoodTableRowController.swift in Sources */ = {isa = PBXBuildFile; fileRef = FA68D4601BCC59C500FC0869 /* FoodTableRowController.swift */; };
		FA68D4631BCC5A6B00FC0869 /* DataSource.swift in Sources */ = {isa = PBXBuildFile; fileRef = FA68D4621BCC5A6B00FC0869 /* DataSource.swift */; };
		FA68D4651BCC5AA400FC0869 /* WatchSessionManager.swift in Sources */ = {isa = PBXBuildFile; fileRef = FA68D4641BCC5AA400FC0869 /* WatchSessionManager.swift */; };
		FA7366741BC7488C00E1479A /* AppDelegate.swift in Sources */ = {isa = PBXBuildFile; fileRef = FA7366731BC7488C00E1479A /* AppDelegate.swift */; };
		FA73667B1BC7488C00E1479A /* Assets.xcassets in Resources */ = {isa = PBXBuildFile; fileRef = FA73667A1BC7488C00E1479A /* Assets.xcassets */; };
		FA73667E1BC7488C00E1479A /* LaunchScreen.storyboard in Resources */ = {isa = PBXBuildFile; fileRef = FA73667C1BC7488C00E1479A /* LaunchScreen.storyboard */; };
		FA7366891BC7488C00E1479A /* WCUserInfoDemoTests.swift in Sources */ = {isa = PBXBuildFile; fileRef = FA7366881BC7488C00E1479A /* WCUserInfoDemoTests.swift */; };
		FA7366941BC7488C00E1479A /* WCUserInfoDemoUITests.swift in Sources */ = {isa = PBXBuildFile; fileRef = FA7366931BC7488C00E1479A /* WCUserInfoDemoUITests.swift */; };
		FA7366A71BC748A100E1479A /* Interface.storyboard in Resources */ = {isa = PBXBuildFile; fileRef = FA7366A51BC748A100E1479A /* Interface.storyboard */; };
		FA7366A91BC748A100E1479A /* Assets.xcassets in Resources */ = {isa = PBXBuildFile; fileRef = FA7366A81BC748A100E1479A /* Assets.xcassets */; };
		FA7366B01BC748A100E1479A /* EmojiChat Extension.appex in Embed App Extensions */ = {isa = PBXBuildFile; fileRef = FA7366AF1BC748A100E1479A /* EmojiChat Extension.appex */; settings = {ATTRIBUTES = (RemoveHeadersOnCopy, ); }; };
		FA7366B51BC748A100E1479A /* InterfaceController.swift in Sources */ = {isa = PBXBuildFile; fileRef = FA7366B41BC748A100E1479A /* InterfaceController.swift */; };
		FA7366B71BC748A100E1479A /* ExtensionDelegate.swift in Sources */ = {isa = PBXBuildFile; fileRef = FA7366B61BC748A100E1479A /* ExtensionDelegate.swift */; };
		FA7366B91BC748A100E1479A /* Assets.xcassets in Resources */ = {isa = PBXBuildFile; fileRef = FA7366B81BC748A100E1479A /* Assets.xcassets */; };
		FA7366BD1BC748A100E1479A /* EmojiChat.app in Embed Watch Content */ = {isa = PBXBuildFile; fileRef = FA7366A31BC748A100E1479A /* EmojiChat.app */; };
		FA7366C71BC748D400E1479A /* Main.storyboard in Resources */ = {isa = PBXBuildFile; fileRef = FA7366C61BC748D400E1479A /* Main.storyboard */; };
		FA7366C91BC748FD00E1479A /* FoodSelectionViewController.swift in Sources */ = {isa = PBXBuildFile; fileRef = FA7366C81BC748FD00E1479A /* FoodSelectionViewController.swift */; };
		FA7366CB1BC7491300E1479A /* WatchSessionManager.swift in Sources */ = {isa = PBXBuildFile; fileRef = FA7366CA1BC7491300E1479A /* WatchSessionManager.swift */; };
		FA7366CD1BC7494A00E1479A /* LabelTableViewCell.swift in Sources */ = {isa = PBXBuildFile; fileRef = FA7366CC1BC7494A00E1479A /* LabelTableViewCell.swift */; };
/* End PBXBuildFile section */

/* Begin PBXContainerItemProxy section */
		FA7366851BC7488C00E1479A /* PBXContainerItemProxy */ = {
			isa = PBXContainerItemProxy;
			containerPortal = FA7366681BC7488C00E1479A /* Project object */;
			proxyType = 1;
			remoteGlobalIDString = FA73666F1BC7488C00E1479A;
			remoteInfo = WCUserInfoDemo;
		};
		FA7366901BC7488C00E1479A /* PBXContainerItemProxy */ = {
			isa = PBXContainerItemProxy;
			containerPortal = FA7366681BC7488C00E1479A /* Project object */;
			proxyType = 1;
			remoteGlobalIDString = FA73666F1BC7488C00E1479A;
			remoteInfo = WCUserInfoDemo;
		};
		FA7366B11BC748A100E1479A /* PBXContainerItemProxy */ = {
			isa = PBXContainerItemProxy;
			containerPortal = FA7366681BC7488C00E1479A /* Project object */;
			proxyType = 1;
			remoteGlobalIDString = FA7366AE1BC748A100E1479A;
			remoteInfo = "EmojiChat Extension";
		};
		FA7366BB1BC748A100E1479A /* PBXContainerItemProxy */ = {
			isa = PBXContainerItemProxy;
			containerPortal = FA7366681BC7488C00E1479A /* Project object */;
			proxyType = 1;
			remoteGlobalIDString = FA7366A21BC748A100E1479A;
			remoteInfo = EmojiChat;
		};
/* End PBXContainerItemProxy section */

/* Begin PBXCopyFilesBuildPhase section */
		FA7366C11BC748A100E1479A /* Embed App Extensions */ = {
			isa = PBXCopyFilesBuildPhase;
			buildActionMask = 2147483647;
			dstPath = "";
			dstSubfolderSpec = 13;
			files = (
				FA7366B01BC748A100E1479A /* EmojiChat Extension.appex in Embed App Extensions */,
			);
			name = "Embed App Extensions";
			runOnlyForDeploymentPostprocessing = 0;
		};
		FA7366C51BC748A100E1479A /* Embed Watch Content */ = {
			isa = PBXCopyFilesBuildPhase;
			buildActionMask = 2147483647;
			dstPath = "$(CONTENTS_FOLDER_PATH)/Watch";
			dstSubfolderSpec = 16;
			files = (
				FA7366BD1BC748A100E1479A /* EmojiChat.app in Embed Watch Content */,
			);
			name = "Embed Watch Content";
			runOnlyForDeploymentPostprocessing = 0;
		};
/* End PBXCopyFilesBuildPhase section */

/* Begin PBXFileReference section */
		FA68D4601BCC59C500FC0869 /* FoodTableRowController.swift */ = {isa = PBXFileReference; fileEncoding = 4; lastKnownFileType = sourcecode.swift; path = FoodTableRowController.swift; sourceTree = "<group>"; };
		FA68D4621BCC5A6B00FC0869 /* DataSource.swift */ = {isa = PBXFileReference; fileEncoding = 4; lastKnownFileType = sourcecode.swift; path = DataSource.swift; sourceTree = "<group>"; };
		FA68D4641BCC5AA400FC0869 /* WatchSessionManager.swift */ = {isa = PBXFileReference; fileEncoding = 4; lastKnownFileType = sourcecode.swift; path = WatchSessionManager.swift; sourceTree = "<group>"; };
		FA7366701BC7488C00E1479A /* WCUserInfoDemo.app */ = {isa = PBXFileReference; explicitFileType = wrapper.application; includeInIndex = 0; path = WCUserInfoDemo.app; sourceTree = BUILT_PRODUCTS_DIR; };
		FA7366731BC7488C00E1479A /* AppDelegate.swift */ = {isa = PBXFileReference; lastKnownFileType = sourcecode.swift; path = AppDelegate.swift; sourceTree = "<group>"; };
		FA73667A1BC7488C00E1479A /* Assets.xcassets */ = {isa = PBXFileReference; lastKnownFileType = folder.assetcatalog; path = Assets.xcassets; sourceTree = "<group>"; };
		FA73667D1BC7488C00E1479A /* Base */ = {isa = PBXFileReference; lastKnownFileType = file.storyboard; name = Base; path = Base.lproj/LaunchScreen.storyboard; sourceTree = "<group>"; };
		FA73667F1BC7488C00E1479A /* Info.plist */ = {isa = PBXFileReference; lastKnownFileType = text.plist.xml; path = Info.plist; sourceTree = "<group>"; };
		FA7366841BC7488C00E1479A /* WCUserInfoDemoTests.xctest */ = {isa = PBXFileReference; explicitFileType = wrapper.cfbundle; includeInIndex = 0; path = WCUserInfoDemoTests.xctest; sourceTree = BUILT_PRODUCTS_DIR; };
		FA7366881BC7488C00E1479A /* WCUserInfoDemoTests.swift */ = {isa = PBXFileReference; lastKnownFileType = sourcecode.swift; path = WCUserInfoDemoTests.swift; sourceTree = "<group>"; };
		FA73668A1BC7488C00E1479A /* Info.plist */ = {isa = PBXFileReference; lastKnownFileType = text.plist.xml; path = Info.plist; sourceTree = "<group>"; };
		FA73668F1BC7488C00E1479A /* WCUserInfoDemoUITests.xctest */ = {isa = PBXFileReference; explicitFileType = wrapper.cfbundle; includeInIndex = 0; path = WCUserInfoDemoUITests.xctest; sourceTree = BUILT_PRODUCTS_DIR; };
		FA7366931BC7488C00E1479A /* WCUserInfoDemoUITests.swift */ = {isa = PBXFileReference; lastKnownFileType = sourcecode.swift; path = WCUserInfoDemoUITests.swift; sourceTree = "<group>"; };
		FA7366951BC7488C00E1479A /* Info.plist */ = {isa = PBXFileReference; lastKnownFileType = text.plist.xml; path = Info.plist; sourceTree = "<group>"; };
		FA7366A31BC748A100E1479A /* EmojiChat.app */ = {isa = PBXFileReference; explicitFileType = wrapper.application; includeInIndex = 0; path = EmojiChat.app; sourceTree = BUILT_PRODUCTS_DIR; };
		FA7366A61BC748A100E1479A /* Base */ = {isa = PBXFileReference; lastKnownFileType = file.storyboard; name = Base; path = Base.lproj/Interface.storyboard; sourceTree = "<group>"; };
		FA7366A81BC748A100E1479A /* Assets.xcassets */ = {isa = PBXFileReference; lastKnownFileType = folder.assetcatalog; path = Assets.xcassets; sourceTree = "<group>"; };
		FA7366AA1BC748A100E1479A /* Info.plist */ = {isa = PBXFileReference; lastKnownFileType = text.plist.xml; path = Info.plist; sourceTree = "<group>"; };
		FA7366AF1BC748A100E1479A /* EmojiChat Extension.appex */ = {isa = PBXFileReference; explicitFileType = "wrapper.app-extension"; includeInIndex = 0; path = "EmojiChat Extension.appex"; sourceTree = BUILT_PRODUCTS_DIR; };
		FA7366B41BC748A100E1479A /* InterfaceController.swift */ = {isa = PBXFileReference; lastKnownFileType = sourcecode.swift; path = InterfaceController.swift; sourceTree = "<group>"; };
		FA7366B61BC748A100E1479A /* ExtensionDelegate.swift */ = {isa = PBXFileReference; lastKnownFileType = sourcecode.swift; path = ExtensionDelegate.swift; sourceTree = "<group>"; };
		FA7366B81BC748A100E1479A /* Assets.xcassets */ = {isa = PBXFileReference; lastKnownFileType = folder.assetcatalog; path = Assets.xcassets; sourceTree = "<group>"; };
		FA7366BA1BC748A100E1479A /* Info.plist */ = {isa = PBXFileReference; lastKnownFileType = text.plist.xml; path = Info.plist; sourceTree = "<group>"; };
		FA7366C61BC748D400E1479A /* Main.storyboard */ = {isa = PBXFileReference; fileEncoding = 4; lastKnownFileType = file.storyboard; path = Main.storyboard; sourceTree = "<group>"; };
		FA7366C81BC748FD00E1479A /* FoodSelectionViewController.swift */ = {isa = PBXFileReference; fileEncoding = 4; lastKnownFileType = sourcecode.swift; path = FoodSelectionViewController.swift; sourceTree = "<group>"; };
		FA7366CA1BC7491300E1479A /* WatchSessionManager.swift */ = {isa = PBXFileReference; fileEncoding = 4; lastKnownFileType = sourcecode.swift; path = WatchSessionManager.swift; sourceTree = "<group>"; };
		FA7366CC1BC7494A00E1479A /* LabelTableViewCell.swift */ = {isa = PBXFileReference; fileEncoding = 4; lastKnownFileType = sourcecode.swift; path = LabelTableViewCell.swift; sourceTree = "<group>"; };
/* End PBXFileReference section */

/* Begin PBXFrameworksBuildPhase section */
		FA73666D1BC7488C00E1479A /* Frameworks */ = {
			isa = PBXFrameworksBuildPhase;
			buildActionMask = 2147483647;
			files = (
			);
			runOnlyForDeploymentPostprocessing = 0;
		};
		FA7366811BC7488C00E1479A /* Frameworks */ = {
			isa = PBXFrameworksBuildPhase;
			buildActionMask = 2147483647;
			files = (
			);
			runOnlyForDeploymentPostprocessing = 0;
		};
		FA73668C1BC7488C00E1479A /* Frameworks */ = {
			isa = PBXFrameworksBuildPhase;
			buildActionMask = 2147483647;
			files = (
			);
			runOnlyForDeploymentPostprocessing = 0;
		};
		FA7366AC1BC748A100E1479A /* Frameworks */ = {
			isa = PBXFrameworksBuildPhase;
			buildActionMask = 2147483647;
			files = (
			);
			runOnlyForDeploymentPostprocessing = 0;
		};
/* End PBXFrameworksBuildPhase section */

/* Begin PBXGroup section */
		FA7366671BC7488C00E1479A = {
			isa = PBXGroup;
			children = (
				FA7366721BC7488C00E1479A /* WCUserInfoDemo */,
				FA7366871BC7488C00E1479A /* WCUserInfoDemoTests */,
				FA7366921BC7488C00E1479A /* WCUserInfoDemoUITests */,
				FA7366A41BC748A100E1479A /* EmojiChat */,
				FA7366B31BC748A100E1479A /* EmojiChat Extension */,
				FA7366711BC7488C00E1479A /* Products */,
			);
			sourceTree = "<group>";
		};
		FA7366711BC7488C00E1479A /* Products */ = {
			isa = PBXGroup;
			children = (
				FA7366701BC7488C00E1479A /* WCUserInfoDemo.app */,
				FA7366841BC7488C00E1479A /* WCUserInfoDemoTests.xctest */,
				FA73668F1BC7488C00E1479A /* WCUserInfoDemoUITests.xctest */,
				FA7366A31BC748A100E1479A /* EmojiChat.app */,
				FA7366AF1BC748A100E1479A /* EmojiChat Extension.appex */,
			);
			name = Products;
			sourceTree = "<group>";
		};
		FA7366721BC7488C00E1479A /* WCUserInfoDemo */ = {
			isa = PBXGroup;
			children = (
				FA7366731BC7488C00E1479A /* AppDelegate.swift */,
				FA7366C61BC748D400E1479A /* Main.storyboard */,
				FA7366C81BC748FD00E1479A /* FoodSelectionViewController.swift */,
				FA7366CA1BC7491300E1479A /* WatchSessionManager.swift */,
				FA7366CC1BC7494A00E1479A /* LabelTableViewCell.swift */,
				FA73667A1BC7488C00E1479A /* Assets.xcassets */,
				FA73667C1BC7488C00E1479A /* LaunchScreen.storyboard */,
				FA73667F1BC7488C00E1479A /* Info.plist */,
			);
			path = WCUserInfoDemo;
			sourceTree = "<group>";
		};
		FA7366871BC7488C00E1479A /* WCUserInfoDemoTests */ = {
			isa = PBXGroup;
			children = (
				FA7366881BC7488C00E1479A /* WCUserInfoDemoTests.swift */,
				FA73668A1BC7488C00E1479A /* Info.plist */,
			);
			path = WCUserInfoDemoTests;
			sourceTree = "<group>";
		};
		FA7366921BC7488C00E1479A /* WCUserInfoDemoUITests */ = {
			isa = PBXGroup;
			children = (
				FA7366931BC7488C00E1479A /* WCUserInfoDemoUITests.swift */,
				FA7366951BC7488C00E1479A /* Info.plist */,
			);
			path = WCUserInfoDemoUITests;
			sourceTree = "<group>";
		};
		FA7366A41BC748A100E1479A /* EmojiChat */ = {
			isa = PBXGroup;
			children = (
				FA7366A51BC748A100E1479A /* Interface.storyboard */,
				FA7366A81BC748A100E1479A /* Assets.xcassets */,
				FA7366AA1BC748A100E1479A /* Info.plist */,
			);
			path = EmojiChat;
			sourceTree = "<group>";
		};
		FA7366B31BC748A100E1479A /* EmojiChat Extension */ = {
			isa = PBXGroup;
			children = (
				FA7366B61BC748A100E1479A /* ExtensionDelegate.swift */,
				FA7366B41BC748A100E1479A /* InterfaceController.swift */,
				FA68D4601BCC59C500FC0869 /* FoodTableRowController.swift */,
				FA68D4621BCC5A6B00FC0869 /* DataSource.swift */,
				FA68D4641BCC5AA400FC0869 /* WatchSessionManager.swift */,
				FA7366B81BC748A100E1479A /* Assets.xcassets */,
				FA7366BA1BC748A100E1479A /* Info.plist */,
			);
			path = "EmojiChat Extension";
			sourceTree = "<group>";
		};
/* End PBXGroup section */

/* Begin PBXNativeTarget section */
		FA73666F1BC7488C00E1479A /* WCUserInfoDemo */ = {
			isa = PBXNativeTarget;
			buildConfigurationList = FA7366981BC7488C00E1479A /* Build configuration list for PBXNativeTarget "WCUserInfoDemo" */;
			buildPhases = (
				FA73666C1BC7488C00E1479A /* Sources */,
				FA73666D1BC7488C00E1479A /* Frameworks */,
				FA73666E1BC7488C00E1479A /* Resources */,
				FA7366C51BC748A100E1479A /* Embed Watch Content */,
			);
			buildRules = (
			);
			dependencies = (
				FA7366BC1BC748A100E1479A /* PBXTargetDependency */,
			);
			name = WCUserInfoDemo;
			productName = WCUserInfoDemo;
			productReference = FA7366701BC7488C00E1479A /* WCUserInfoDemo.app */;
			productType = "com.apple.product-type.application";
		};
		FA7366831BC7488C00E1479A /* WCUserInfoDemoTests */ = {
			isa = PBXNativeTarget;
			buildConfigurationList = FA73669B1BC7488C00E1479A /* Build configuration list for PBXNativeTarget "WCUserInfoDemoTests" */;
			buildPhases = (
				FA7366801BC7488C00E1479A /* Sources */,
				FA7366811BC7488C00E1479A /* Frameworks */,
				FA7366821BC7488C00E1479A /* Resources */,
			);
			buildRules = (
			);
			dependencies = (
				FA7366861BC7488C00E1479A /* PBXTargetDependency */,
			);
			name = WCUserInfoDemoTests;
			productName = WCUserInfoDemoTests;
			productReference = FA7366841BC7488C00E1479A /* WCUserInfoDemoTests.xctest */;
			productType = "com.apple.product-type.bundle.unit-test";
		};
		FA73668E1BC7488C00E1479A /* WCUserInfoDemoUITests */ = {
			isa = PBXNativeTarget;
			buildConfigurationList = FA73669E1BC7488C00E1479A /* Build configuration list for PBXNativeTarget "WCUserInfoDemoUITests" */;
			buildPhases = (
				FA73668B1BC7488C00E1479A /* Sources */,
				FA73668C1BC7488C00E1479A /* Frameworks */,
				FA73668D1BC7488C00E1479A /* Resources */,
			);
			buildRules = (
			);
			dependencies = (
				FA7366911BC7488C00E1479A /* PBXTargetDependency */,
			);
			name = WCUserInfoDemoUITests;
			productName = WCUserInfoDemoUITests;
			productReference = FA73668F1BC7488C00E1479A /* WCUserInfoDemoUITests.xctest */;
			productType = "com.apple.product-type.bundle.ui-testing";
		};
		FA7366A21BC748A100E1479A /* EmojiChat */ = {
			isa = PBXNativeTarget;
			buildConfigurationList = FA7366C21BC748A100E1479A /* Build configuration list for PBXNativeTarget "EmojiChat" */;
			buildPhases = (
				FA7366A11BC748A100E1479A /* Resources */,
				FA7366C11BC748A100E1479A /* Embed App Extensions */,
			);
			buildRules = (
			);
			dependencies = (
				FA7366B21BC748A100E1479A /* PBXTargetDependency */,
			);
			name = EmojiChat;
			productName = EmojiChat;
			productReference = FA7366A31BC748A100E1479A /* EmojiChat.app */;
			productType = "com.apple.product-type.application.watchapp2";
		};
		FA7366AE1BC748A100E1479A /* EmojiChat Extension */ = {
			isa = PBXNativeTarget;
			buildConfigurationList = FA7366BE1BC748A100E1479A /* Build configuration list for PBXNativeTarget "EmojiChat Extension" */;
			buildPhases = (
				FA7366AB1BC748A100E1479A /* Sources */,
				FA7366AC1BC748A100E1479A /* Frameworks */,
				FA7366AD1BC748A100E1479A /* Resources */,
			);
			buildRules = (
			);
			dependencies = (
			);
			name = "EmojiChat Extension";
			productName = "EmojiChat Extension";
			productReference = FA7366AF1BC748A100E1479A /* EmojiChat Extension.appex */;
			productType = "com.apple.product-type.watchkit2-extension";
		};
/* End PBXNativeTarget section */

/* Begin PBXProject section */
		FA7366681BC7488C00E1479A /* Project object */ = {
			isa = PBXProject;
			attributes = {
				LastUpgradeCheck = 0700;
				ORGANIZATIONNAME = NatashaTheRobot;
				TargetAttributes = {
					FA73666F1BC7488C00E1479A = {
						CreatedOnToolsVersion = 7.0.1;
					};
					FA7366831BC7488C00E1479A = {
						CreatedOnToolsVersion = 7.0.1;
						TestTargetID = FA73666F1BC7488C00E1479A;
					};
					FA73668E1BC7488C00E1479A = {
						CreatedOnToolsVersion = 7.0.1;
						TestTargetID = FA73666F1BC7488C00E1479A;
					};
					FA7366A21BC748A100E1479A = {
						CreatedOnToolsVersion = 7.0.1;
					};
					FA7366AE1BC748A100E1479A = {
						CreatedOnToolsVersion = 7.0.1;
					};
				};
			};
			buildConfigurationList = FA73666B1BC7488C00E1479A /* Build configuration list for PBXProject "WCUserInfoDemo" */;
			compatibilityVersion = "Xcode 3.2";
			developmentRegion = English;
			hasScannedForEncodings = 0;
			knownRegions = (
				en,
				Base,
			);
			mainGroup = FA7366671BC7488C00E1479A;
			productRefGroup = FA7366711BC7488C00E1479A /* Products */;
			projectDirPath = "";
			projectRoot = "";
			targets = (
				FA73666F1BC7488C00E1479A /* WCUserInfoDemo */,
				FA7366831BC7488C00E1479A /* WCUserInfoDemoTests */,
				FA73668E1BC7488C00E1479A /* WCUserInfoDemoUITests */,
				FA7366A21BC748A100E1479A /* EmojiChat */,
				FA7366AE1BC748A100E1479A /* EmojiChat Extension */,
			);
		};
/* End PBXProject section */

/* Begin PBXResourcesBuildPhase section */
		FA73666E1BC7488C00E1479A /* Resources */ = {
			isa = PBXResourcesBuildPhase;
			buildActionMask = 2147483647;
			files = (
				FA73667E1BC7488C00E1479A /* LaunchScreen.storyboard in Resources */,
				FA73667B1BC7488C00E1479A /* Assets.xcassets in Resources */,
				FA7366C71BC748D400E1479A /* Main.storyboard in Resources */,
			);
			runOnlyForDeploymentPostprocessing = 0;
		};
		FA7366821BC7488C00E1479A /* Resources */ = {
			isa = PBXResourcesBuildPhase;
			buildActionMask = 2147483647;
			files = (
			);
			runOnlyForDeploymentPostprocessing = 0;
		};
		FA73668D1BC7488C00E1479A /* Resources */ = {
			isa = PBXResourcesBuildPhase;
			buildActionMask = 2147483647;
			files = (
			);
			runOnlyForDeploymentPostprocessing = 0;
		};
		FA7366A11BC748A100E1479A /* Resources */ = {
			isa = PBXResourcesBuildPhase;
			buildActionMask = 2147483647;
			files = (
				FA7366A91BC748A100E1479A /* Assets.xcassets in Resources */,
				FA7366A71BC748A100E1479A /* Interface.storyboard in Resources */,
			);
			runOnlyForDeploymentPostprocessing = 0;
		};
		FA7366AD1BC748A100E1479A /* Resources */ = {
			isa = PBXResourcesBuildPhase;
			buildActionMask = 2147483647;
			files = (
				FA7366B91BC748A100E1479A /* Assets.xcassets in Resources */,
			);
			runOnlyForDeploymentPostprocessing = 0;
		};
/* End PBXResourcesBuildPhase section */

/* Begin PBXSourcesBuildPhase section */
		FA73666C1BC7488C00E1479A /* Sources */ = {
			isa = PBXSourcesBuildPhase;
			buildActionMask = 2147483647;
			files = (
				FA7366C91BC748FD00E1479A /* FoodSelectionViewController.swift in Sources */,
				FA7366CB1BC7491300E1479A /* WatchSessionManager.swift in Sources */,
				FA7366CD1BC7494A00E1479A /* LabelTableViewCell.swift in Sources */,
				FA7366741BC7488C00E1479A /* AppDelegate.swift in Sources */,
			);
			runOnlyForDeploymentPostprocessing = 0;
		};
		FA7366801BC7488C00E1479A /* Sources */ = {
			isa = PBXSourcesBuildPhase;
			buildActionMask = 2147483647;
			files = (
				FA7366891BC7488C00E1479A /* WCUserInfoDemoTests.swift in Sources */,
			);
			runOnlyForDeploymentPostprocessing = 0;
		};
		FA73668B1BC7488C00E1479A /* Sources */ = {
			isa = PBXSourcesBuildPhase;
			buildActionMask = 2147483647;
			files = (
				FA7366941BC7488C00E1479A /* WCUserInfoDemoUITests.swift in Sources */,
			);
			runOnlyForDeploymentPostprocessing = 0;
		};
		FA7366AB1BC748A100E1479A /* Sources */ = {
			isa = PBXSourcesBuildPhase;
			buildActionMask = 2147483647;
			files = (
				FA68D4611BCC59C500FC0869 /* FoodTableRowController.swift in Sources */,
				FA7366B71BC748A100E1479A /* ExtensionDelegate.swift in Sources */,
				FA68D4631BCC5A6B00FC0869 /* DataSource.swift in Sources */,
				FA7366B51BC748A100E1479A /* InterfaceController.swift in Sources */,
				FA68D4651BCC5AA400FC0869 /* WatchSessionManager.swift in Sources */,
			);
			runOnlyForDeploymentPostprocessing = 0;
		};
/* End PBXSourcesBuildPhase section */

/* Begin PBXTargetDependency section */
		FA7366861BC7488C00E1479A /* PBXTargetDependency */ = {
			isa = PBXTargetDependency;
			target = FA73666F1BC7488C00E1479A /* WCUserInfoDemo */;
			targetProxy = FA7366851BC7488C00E1479A /* PBXContainerItemProxy */;
		};
		FA7366911BC7488C00E1479A /* PBXTargetDependency */ = {
			isa = PBXTargetDependency;
			target = FA73666F1BC7488C00E1479A /* WCUserInfoDemo */;
			targetProxy = FA7366901BC7488C00E1479A /* PBXContainerItemProxy */;
		};
		FA7366B21BC748A100E1479A /* PBXTargetDependency */ = {
			isa = PBXTargetDependency;
			target = FA7366AE1BC748A100E1479A /* EmojiChat Extension */;
			targetProxy = FA7366B11BC748A100E1479A /* PBXContainerItemProxy */;
		};
		FA7366BC1BC748A100E1479A /* PBXTargetDependency */ = {
			isa = PBXTargetDependency;
			target = FA7366A21BC748A100E1479A /* EmojiChat */;
			targetProxy = FA7366BB1BC748A100E1479A /* PBXContainerItemProxy */;
		};
/* End PBXTargetDependency section */

/* Begin PBXVariantGroup section */
		FA73667C1BC7488C00E1479A /* LaunchScreen.storyboard */ = {
			isa = PBXVariantGroup;
			children = (
				FA73667D1BC7488C00E1479A /* Base */,
			);
			name = LaunchScreen.storyboard;
			sourceTree = "<group>";
		};
		FA7366A51BC748A100E1479A /* Interface.storyboard */ = {
			isa = PBXVariantGroup;
			children = (
				FA7366A61BC748A100E1479A /* Base */,
			);
			name = Interface.storyboard;
			sourceTree = "<group>";
		};
/* End PBXVariantGroup section */

/* Begin XCBuildConfiguration section */
		FA7366961BC7488C00E1479A /* Debug */ = {
			isa = XCBuildConfiguration;
			buildSettings = {
				ALWAYS_SEARCH_USER_PATHS = NO;
				CLANG_CXX_LANGUAGE_STANDARD = "gnu++0x";
				CLANG_CXX_LIBRARY = "libc++";
				CLANG_ENABLE_MODULES = YES;
				CLANG_ENABLE_OBJC_ARC = YES;
				CLANG_WARN_BOOL_CONVERSION = YES;
				CLANG_WARN_CONSTANT_CONVERSION = YES;
				CLANG_WARN_DIRECT_OBJC_ISA_USAGE = YES_ERROR;
				CLANG_WARN_EMPTY_BODY = YES;
				CLANG_WARN_ENUM_CONVERSION = YES;
				CLANG_WARN_INT_CONVERSION = YES;
				CLANG_WARN_OBJC_ROOT_CLASS = YES_ERROR;
				CLANG_WARN_UNREACHABLE_CODE = YES;
				CLANG_WARN__DUPLICATE_METHOD_MATCH = YES;
				"CODE_SIGN_IDENTITY[sdk=iphoneos*]" = "iPhone Developer";
				COPY_PHASE_STRIP = NO;
				DEBUG_INFORMATION_FORMAT = dwarf;
				ENABLE_STRICT_OBJC_MSGSEND = YES;
				ENABLE_TESTABILITY = YES;
				GCC_C_LANGUAGE_STANDARD = gnu99;
				GCC_DYNAMIC_NO_PIC = NO;
				GCC_NO_COMMON_BLOCKS = YES;
				GCC_OPTIMIZATION_LEVEL = 0;
				GCC_PREPROCESSOR_DEFINITIONS = (
					"DEBUG=1",
					"$(inherited)",
				);
				GCC_WARN_64_TO_32_BIT_CONVERSION = YES;
				GCC_WARN_ABOUT_RETURN_TYPE = YES_ERROR;
				GCC_WARN_UNDECLARED_SELECTOR = YES;
				GCC_WARN_UNINITIALIZED_AUTOS = YES_AGGRESSIVE;
				GCC_WARN_UNUSED_FUNCTION = YES;
				GCC_WARN_UNUSED_VARIABLE = YES;
				IPHONEOS_DEPLOYMENT_TARGET = 9.0;
				MTL_ENABLE_DEBUG_INFO = YES;
				ONLY_ACTIVE_ARCH = YES;
				SDKROOT = iphoneos;
				SWIFT_OPTIMIZATION_LEVEL = "-Onone";
			};
			name = Debug;
		};
		FA7366971BC7488C00E1479A /* Release */ = {
			isa = XCBuildConfiguration;
			buildSettings = {
				ALWAYS_SEARCH_USER_PATHS = NO;
				CLANG_CXX_LANGUAGE_STANDARD = "gnu++0x";
				CLANG_CXX_LIBRARY = "libc++";
				CLANG_ENABLE_MODULES = YES;
				CLANG_ENABLE_OBJC_ARC = YES;
				CLANG_WARN_BOOL_CONVERSION = YES;
				CLANG_WARN_CONSTANT_CONVERSION = YES;
				CLANG_WARN_DIRECT_OBJC_ISA_USAGE = YES_ERROR;
				CLANG_WARN_EMPTY_BODY = YES;
				CLANG_WARN_ENUM_CONVERSION = YES;
				CLANG_WARN_INT_CONVERSION = YES;
				CLANG_WARN_OBJC_ROOT_CLASS = YES_ERROR;
				CLANG_WARN_UNREACHABLE_CODE = YES;
				CLANG_WARN__DUPLICATE_METHOD_MATCH = YES;
				"CODE_SIGN_IDENTITY[sdk=iphoneos*]" = "iPhone Developer";
				COPY_PHASE_STRIP = NO;
				DEBUG_INFORMATION_FORMAT = "dwarf-with-dsym";
				ENABLE_NS_ASSERTIONS = NO;
				ENABLE_STRICT_OBJC_MSGSEND = YES;
				GCC_C_LANGUAGE_STANDARD = gnu99;
				GCC_NO_COMMON_BLOCKS = YES;
				GCC_WARN_64_TO_32_BIT_CONVERSION = YES;
				GCC_WARN_ABOUT_RETURN_TYPE = YES_ERROR;
				GCC_WARN_UNDECLARED_SELECTOR = YES;
				GCC_WARN_UNINITIALIZED_AUTOS = YES_AGGRESSIVE;
				GCC_WARN_UNUSED_FUNCTION = YES;
				GCC_WARN_UNUSED_VARIABLE = YES;
				IPHONEOS_DEPLOYMENT_TARGET = 9.0;
				MTL_ENABLE_DEBUG_INFO = NO;
				SDKROOT = iphoneos;
				VALIDATE_PRODUCT = YES;
			};
			name = Release;
		};
		FA7366991BC7488C00E1479A /* Debug */ = {
			isa = XCBuildConfiguration;
			buildSettings = {
				ASSETCATALOG_COMPILER_APPICON_NAME = AppIcon;
				INFOPLIST_FILE = WCUserInfoDemo/Info.plist;
				LD_RUNPATH_SEARCH_PATHS = "$(inherited) @executable_path/Frameworks";
				PRODUCT_BUNDLE_IDENTIFIER = com.natashatherobot.WCUserInfoDemo;
				PRODUCT_NAME = "$(TARGET_NAME)";
			};
			name = Debug;
		};
		FA73669A1BC7488C00E1479A /* Release */ = {
			isa = XCBuildConfiguration;
			buildSettings = {
				ASSETCATALOG_COMPILER_APPICON_NAME = AppIcon;
				INFOPLIST_FILE = WCUserInfoDemo/Info.plist;
				LD_RUNPATH_SEARCH_PATHS = "$(inherited) @executable_path/Frameworks";
				PRODUCT_BUNDLE_IDENTIFIER = com.natashatherobot.WCUserInfoDemo;
				PRODUCT_NAME = "$(TARGET_NAME)";
			};
			name = Release;
		};
		FA73669C1BC7488C00E1479A /* Debug */ = {
			isa = XCBuildConfiguration;
			buildSettings = {
				BUNDLE_LOADER = "$(TEST_HOST)";
				INFOPLIST_FILE = WCUserInfoDemoTests/Info.plist;
				LD_RUNPATH_SEARCH_PATHS = "$(inherited) @executable_path/Frameworks @loader_path/Frameworks";
				PRODUCT_BUNDLE_IDENTIFIER = com.natashatherobot.WCUserInfoDemoTests;
				PRODUCT_NAME = "$(TARGET_NAME)";
				TEST_HOST = "$(BUILT_PRODUCTS_DIR)/WCUserInfoDemo.app/WCUserInfoDemo";
			};
			name = Debug;
		};
		FA73669D1BC7488C00E1479A /* Release */ = {
			isa = XCBuildConfiguration;
			buildSettings = {
				BUNDLE_LOADER = "$(TEST_HOST)";
				INFOPLIST_FILE = WCUserInfoDemoTests/Info.plist;
				LD_RUNPATH_SEARCH_PATHS = "$(inherited) @executable_path/Frameworks @loader_path/Frameworks";
				PRODUCT_BUNDLE_IDENTIFIER = com.natashatherobot.WCUserInfoDemoTests;
				PRODUCT_NAME = "$(TARGET_NAME)";
				TEST_HOST = "$(BUILT_PRODUCTS_DIR)/WCUserInfoDemo.app/WCUserInfoDemo";
			};
			name = Release;
		};
		FA73669F1BC7488C00E1479A /* Debug */ = {
			isa = XCBuildConfiguration;
			buildSettings = {
				INFOPLIST_FILE = WCUserInfoDemoUITests/Info.plist;
				LD_RUNPATH_SEARCH_PATHS = "$(inherited) @executable_path/Frameworks @loader_path/Frameworks";
				PRODUCT_BUNDLE_IDENTIFIER = com.natashatherobot.WCUserInfoDemoUITests;
				PRODUCT_NAME = "$(TARGET_NAME)";
				TEST_TARGET_NAME = WCUserInfoDemo;
				USES_XCTRUNNER = YES;
			};
			name = Debug;
		};
		FA7366A01BC7488C00E1479A /* Release */ = {
			isa = XCBuildConfiguration;
			buildSettings = {
				INFOPLIST_FILE = WCUserInfoDemoUITests/Info.plist;
				LD_RUNPATH_SEARCH_PATHS = "$(inherited) @executable_path/Frameworks @loader_path/Frameworks";
				PRODUCT_BUNDLE_IDENTIFIER = com.natashatherobot.WCUserInfoDemoUITests;
				PRODUCT_NAME = "$(TARGET_NAME)";
				TEST_TARGET_NAME = WCUserInfoDemo;
				USES_XCTRUNNER = YES;
			};
			name = Release;
		};
		FA7366BF1BC748A100E1479A /* Debug */ = {
			isa = XCBuildConfiguration;
			buildSettings = {
				INFOPLIST_FILE = "EmojiChat Extension/Info.plist";
				LD_RUNPATH_SEARCH_PATHS = "$(inherited) @executable_path/Frameworks @executable_path/../../Frameworks";
				PRODUCT_BUNDLE_IDENTIFIER = com.natashatherobot.WCUserInfoDemo.watchkitapp.watchkitextension;
				PRODUCT_NAME = "${TARGET_NAME}";
				SDKROOT = watchos;
				SKIP_INSTALL = YES;
				TARGETED_DEVICE_FAMILY = 4;
				WATCHOS_DEPLOYMENT_TARGET = 2.0;
			};
			name = Debug;
		};
		FA7366C01BC748A100E1479A /* Release */ = {
			isa = XCBuildConfiguration;
			buildSettings = {
				INFOPLIST_FILE = "EmojiChat Extension/Info.plist";
				LD_RUNPATH_SEARCH_PATHS = "$(inherited) @executable_path/Frameworks @executable_path/../../Frameworks";
				PRODUCT_BUNDLE_IDENTIFIER = com.natashatherobot.WCUserInfoDemo.watchkitapp.watchkitextension;
				PRODUCT_NAME = "${TARGET_NAME}";
				SDKROOT = watchos;
				SKIP_INSTALL = YES;
				TARGETED_DEVICE_FAMILY = 4;
				WATCHOS_DEPLOYMENT_TARGET = 2.0;
			};
			name = Release;
		};
		FA7366C31BC748A100E1479A /* Debug */ = {
			isa = XCBuildConfiguration;
			buildSettings = {
				ASSETCATALOG_COMPILER_APPICON_NAME = AppIcon;
				EMBEDDED_CONTENT_CONTAINS_SWIFT = YES;
				IBSC_MODULE = EmojiChat_Extension;
				INFOPLIST_FILE = EmojiChat/Info.plist;
				PRODUCT_BUNDLE_IDENTIFIER = com.natashatherobot.WCUserInfoDemo.watchkitapp;
				PRODUCT_NAME = "$(TARGET_NAME)";
				SDKROOT = watchos;
				SKIP_INSTALL = YES;
				TARGETED_DEVICE_FAMILY = 4;
				WATCHOS_DEPLOYMENT_TARGET = 2.0;
			};
			name = Debug;
		};
		FA7366C41BC748A100E1479A /* Release */ = {
			isa = XCBuildConfiguration;
			buildSettings = {
				ASSETCATALOG_COMPILER_APPICON_NAME = AppIcon;
				EMBEDDED_CONTENT_CONTAINS_SWIFT = YES;
				IBSC_MODULE = EmojiChat_Extension;
				INFOPLIST_FILE = EmojiChat/Info.plist;
				PRODUCT_BUNDLE_IDENTIFIER = com.natashatherobot.WCUserInfoDemo.watchkitapp;
				PRODUCT_NAME = "$(TARGET_NAME)";
				SDKROOT = watchos;
				SKIP_INSTALL = YES;
				TARGETED_DEVICE_FAMILY = 4;
				WATCHOS_DEPLOYMENT_TARGET = 2.0;
			};
			name = Release;
		};
/* End XCBuildConfiguration section */

/* Begin XCConfigurationList section */
		FA73666B1BC7488C00E1479A /* Build configuration list for PBXProject "WCUserInfoDemo" */ = {
			isa = XCConfigurationList;
			buildConfigurations = (
				FA7366961BC7488C00E1479A /* Debug */,
				FA7366971BC7488C00E1479A /* Release */,
			);
			defaultConfigurationIsVisible = 0;
			defaultConfigurationName = Release;
		};
		FA7366981BC7488C00E1479A /* Build configuration list for PBXNativeTarget "WCUserInfoDemo" */ = {
			isa = XCConfigurationList;
			buildConfigurations = (
				FA7366991BC7488C00E1479A /* Debug */,
				FA73669A1BC7488C00E1479A /* Release */,
			);
			defaultConfigurationIsVisible = 0;
			defaultConfigurationName = Release;
		};
		FA73669B1BC7488C00E1479A /* Build configuration list for PBXNativeTarget "WCUserInfoDemoTests" */ = {
			isa = XCConfigurationList;
			buildConfigurations = (
				FA73669C1BC7488C00E1479A /* Debug */,
				FA73669D1BC7488C00E1479A /* Release */,
			);
			defaultConfigurationIsVisible = 0;
			defaultConfigurationName = Release;
		};
		FA73669E1BC7488C00E1479A /* Build configuration list for PBXNativeTarget "WCUserInfoDemoUITests" */ = {
			isa = XCConfigurationList;
			buildConfigurations = (
				FA73669F1BC7488C00E1479A /* Debug */,
				FA7366A01BC7488C00E1479A /* Release */,
			);
			defaultConfigurationIsVisible = 0;
			defaultConfigurationName = Release;
		};
		FA7366BE1BC748A100E1479A /* Build configuration list for PBXNativeTarget "EmojiChat Extension" */ = {
			isa = XCConfigurationList;
			buildConfigurations = (
				FA7366BF1BC748A100E1479A /* Debug */,
				FA7366C01BC748A100E1479A /* Release */,
			);
			defaultConfigurationIsVisible = 0;
			defaultConfigurationName = Release;
		};
		FA7366C21BC748A100E1479A /* Build configuration list for PBXNativeTarget "EmojiChat" */ = {
			isa = XCConfigurationList;
			buildConfigurations = (
				FA7366C31BC748A100E1479A /* Debug */,
				FA7366C41BC748A100E1479A /* Release */,
			);
			defaultConfigurationIsVisible = 0;
			defaultConfigurationName = Release;
		};
/* End XCConfigurationList section */
	};
	rootObject = FA7366681BC7488C00E1479A /* Project object */;
}
